
Microsoft Visual Studio Solution File, Format Version 12.00
# Visual Studio 15
VisualStudioVersion = 15.0.28010.2046
MinimumVisualStudioVersion = 10.0.40219.1
Project("{FAE04EC0-301F-11D3-BF4B-00C04F79EFBC}") = "XamTest.Android", "XamTest\XamTest.Android\XamTest.Android.csproj", "{93698B54-979B-46F9-BF69-19ACE5BE52E0}"
EndProject
Project("{FAE04EC0-301F-11D3-BF4B-00C04F79EFBC}") = "XamTest.iOS", "XamTest\XamTest.iOS\XamTest.iOS.csproj", "{AADB1060-F3C1-4AAC-9894-2B92E6DD612C}"
EndProject
Project("{FAE04EC0-301F-11D3-BF4B-00C04F79EFBC}") = "XamTest", "XamTest\XamTest\XamTest.csproj", "{25390B51-36ED-41F6-8C1C-568420204F48}"
EndProject
Global
	GlobalSection(SolutionConfigurationPlatforms) = preSolution
		Ad-Hoc|Any CPU = Ad-Hoc|Any CPU
		Ad-Hoc|iPhone = Ad-Hoc|iPhone
		Ad-Hoc|iPhoneSimulator = Ad-Hoc|iPhoneSimulator
		AppStore|Any CPU = AppStore|Any CPU
		AppStore|iPhone = AppStore|iPhone
		AppStore|iPhoneSimulator = AppStore|iPhoneSimulator
		Debug|Any CPU = Debug|Any CPU
		Debug|iPhone = Debug|iPhone
		Debug|iPhoneSimulator = Debug|iPhoneSimulator
		Release|Any CPU = Release|Any CPU
		Release|iPhone = Release|iPhone
		Release|iPhoneSimulator = Release|iPhoneSimulator
	EndGlobalSection
	GlobalSection(ProjectConfigurationPlatforms) = postSolution
		{93698B54-979B-46F9-BF69-19ACE5BE52E0}.Ad-Hoc|Any CPU.ActiveCfg = Release|Any CPU
		{93698B54-979B-46F9-BF69-19ACE5BE52E0}.Ad-Hoc|Any CPU.Build.0 = Release|Any CPU
		{93698B54-979B-46F9-BF69-19ACE5BE52E0}.Ad-Hoc|Any CPU.Deploy.0 = Release|Any CPU
		{93698B54-979B-46F9-BF69-19ACE5BE52E0}.Ad-Hoc|iPhone.ActiveCfg = Release|Any CPU
		{93698B54-979B-46F9-BF69-19ACE5BE52E0}.Ad-Hoc|iPhone.Build.0 = Release|Any CPU
		{93698B54-979B-46F9-BF69-19ACE5BE52E0}.Ad-Hoc|iPhone.Deploy.0 = Release|Any CPU
		{93698B54-979B-46F9-BF69-19ACE5BE52E0}.Ad-Hoc|iPhoneSimulator.ActiveCfg = Release|Any CPU
		{93698B54-979B-46F9-BF69-19ACE5BE52E0}.Ad-Hoc|iPhoneSimulator.Build.0 = Release|Any CPU
		{93698B54-979B-46F9-BF69-19ACE5BE52E0}.Ad-Hoc|iPhoneSimulator.Deploy.0 = Release|Any CPU
		{93698B54-979B-46F9-BF69-19ACE5BE52E0}.AppStore|Any CPU.ActiveCfg = Release|Any CPU
		{93698B54-979B-46F9-BF69-19ACE5BE52E0}.AppStore|Any CPU.Build.0 = Release|Any CPU
		{93698B54-979B-46F9-BF69-19ACE5BE52E0}.AppStore|Any CPU.Deploy.0 = Release|Any CPU
		{93698B54-979B-46F9-BF69-19ACE5BE52E0}.AppStore|iPhone.ActiveCfg = Release|Any CPU
		{93698B54-979B-46F9-BF69-19ACE5BE52E0}.AppStore|iPhone.Build.0 = Release|Any CPU
		{93698B54-979B-46F9-BF69-19ACE5BE52E0}.AppStore|iPhone.Deploy.0 = Release|Any CPU
		{93698B54-979B-46F9-BF69-19ACE5BE52E0}.AppStore|iPhoneSimulator.ActiveCfg = Release|Any CPU
		{93698B54-979B-46F9-BF69-19ACE5BE52E0}.AppStore|iPhoneSimulator.Build.0 = Release|Any CPU
		{93698B54-979B-46F9-BF69-19ACE5BE52E0}.AppStore|iPhoneSimulator.Deploy.0 = Release|Any CPU
		{93698B54-979B-46F9-BF69-19ACE5BE52E0}.Debug|Any CPU.ActiveCfg = Debug|Any CPU
		{93698B54-979B-46F9-BF69-19ACE5BE52E0}.Debug|Any CPU.Build.0 = Debug|Any CPU
		{93698B54-979B-46F9-BF69-19ACE5BE52E0}.Debug|Any CPU.Deploy.0 = Debug|Any CPU
		{93698B54-979B-46F9-BF69-19ACE5BE52E0}.Debug|iPhone.ActiveCfg = Debug|Any CPU
		{93698B54-979B-46F9-BF69-19ACE5BE52E0}.Debug|iPhone.Build.0 = Debug|Any CPU
		{93698B54-979B-46F9-BF69-19ACE5BE52E0}.Debug|iPhone.Deploy.0 = Debug|Any CPU
		{93698B54-979B-46F9-BF69-19ACE5BE52E0}.Debug|iPhoneSimulator.ActiveCfg = Debug|Any CPU
		{93698B54-979B-46F9-BF69-19ACE5BE52E0}.Debug|iPhoneSimulator.Build.0 = Debug|Any CPU
		{93698B54-979B-46F9-BF69-19ACE5BE52E0}.Debug|iPhoneSimulator.Deploy.0 = Debug|Any CPU
		{93698B54-979B-46F9-BF69-19ACE5BE52E0}.Release|Any CPU.ActiveCfg = Release|Any CPU
		{93698B54-979B-46F9-BF69-19ACE5BE52E0}.Release|Any CPU.Build.0 = Release|Any CPU
		{93698B54-979B-46F9-BF69-19ACE5BE52E0}.Release|Any CPU.Deploy.0 = Release|Any CPU
		{93698B54-979B-46F9-BF69-19ACE5BE52E0}.Release|iPhone.ActiveCfg = Release|Any CPU
		{93698B54-979B-46F9-BF69-19ACE5BE52E0}.Release|iPhone.Build.0 = Release|Any CPU
		{93698B54-979B-46F9-BF69-19ACE5BE52E0}.Release|iPhone.Deploy.0 = Release|Any CPU
		{93698B54-979B-46F9-BF69-19ACE5BE52E0}.Release|iPhoneSimulator.ActiveCfg = Release|Any CPU
		{93698B54-979B-46F9-BF69-19ACE5BE52E0}.Release|iPhoneSimulator.Build.0 = Release|Any CPU
		{93698B54-979B-46F9-BF69-19ACE5BE52E0}.Release|iPhoneSimulator.Deploy.0 = Release|Any CPU
		{AADB1060-F3C1-4AAC-9894-2B92E6DD612C}.Ad-Hoc|Any CPU.ActiveCfg = Ad-Hoc|iPhone
		{AADB1060-F3C1-4AAC-9894-2B92E6DD612C}.Ad-Hoc|Any CPU.Build.0 = Ad-Hoc|iPhone
		{AADB1060-F3C1-4AAC-9894-2B92E6DD612C}.Ad-Hoc|Any CPU.Deploy.0 = Ad-Hoc|iPhone
		{AADB1060-F3C1-4AAC-9894-2B92E6DD612C}.Ad-Hoc|iPhone.ActiveCfg = Ad-Hoc|iPhone
		{AADB1060-F3C1-4AAC-9894-2B92E6DD612C}.Ad-Hoc|iPhone.Build.0 = Ad-Hoc|iPhone
		{AADB1060-F3C1-4AAC-9894-2B92E6DD612C}.Ad-Hoc|iPhone.Deploy.0 = Ad-Hoc|iPhone
		{AADB1060-F3C1-4AAC-9894-2B92E6DD612C}.Ad-Hoc|iPhoneSimulator.ActiveCfg = Ad-Hoc|iPhoneSimulator
		{AADB1060-F3C1-4AAC-9894-2B92E6DD612C}.Ad-Hoc|iPhoneSimulator.Build.0 = Ad-Hoc|iPhoneSimulator
		{AADB1060-F3C1-4AAC-9894-2B92E6DD612C}.Ad-Hoc|iPhoneSimulator.Deploy.0 = Ad-Hoc|iPhoneSimulator
		{AADB1060-F3C1-4AAC-9894-2B92E6DD612C}.AppStore|Any CPU.ActiveCfg = AppStore|iPhone
		{AADB1060-F3C1-4AAC-9894-2B92E6DD612C}.AppStore|Any CPU.Build.0 = AppStore|iPhone
		{AADB1060-F3C1-4AAC-9894-2B92E6DD612C}.AppStore|Any CPU.Deploy.0 = AppStore|iPhone
		{AADB1060-F3C1-4AAC-9894-2B92E6DD612C}.AppStore|iPhone.ActiveCfg = AppStore|iPhone
		{AADB1060-F3C1-4AAC-9894-2B92E6DD612C}.AppStore|iPhone.Build.0 = AppStore|iPhone
		{AADB1060-F3C1-4AAC-9894-2B92E6DD612C}.AppStore|iPhone.Deploy.0 = AppStore|iPhone
		{AADB1060-F3C1-4AAC-9894-2B92E6DD612C}.AppStore|iPhoneSimulator.ActiveCfg = AppStore|iPhoneSimulator
		{AADB1060-F3C1-4AAC-9894-2B92E6DD612C}.AppStore|iPhoneSimulator.Build.0 = AppStore|iPhoneSimulator
		{AADB1060-F3C1-4AAC-9894-2B92E6DD612C}.AppStore|iPhoneSimulator.Deploy.0 = AppStore|iPhoneSimulator
		{AADB1060-F3C1-4AAC-9894-2B92E6DD612C}.Debug|Any CPU.ActiveCfg = Debug|iPhoneSimulator
		{AADB1060-F3C1-4AAC-9894-2B92E6DD612C}.Debug|Any CPU.Build.0 = Debug|iPhoneSimulator
		{AADB1060-F3C1-4AAC-9894-2B92E6DD612C}.Debug|Any CPU.Deploy.0 = Debug|iPhoneSimulator
		{AADB1060-F3C1-4AAC-9894-2B92E6DD612C}.Debug|iPhone.ActiveCfg = Debug|iPhone
		{AADB1060-F3C1-4AAC-9894-2B92E6DD612C}.Debug|iPhone.Build.0 = Debug|iPhone
		{AADB1060-F3C1-4AAC-9894-2B92E6DD612C}.Debug|iPhone.Deploy.0 = Debug|iPhone
		{AADB1060-F3C1-4AAC-9894-2B92E6DD612C}.Debug|iPhoneSimulator.ActiveCfg = Debug|iPhoneSimulator
		{AADB1060-F3C1-4AAC-9894-2B92E6DD612C}.Debug|iPhoneSimulator.Build.0 = Debug|iPhoneSimulator
		{AADB1060-F3C1-4AAC-9894-2B92E6DD612C}.Debug|iPhoneSimulator.Deploy.0 = Debug|iPhoneSimulator
		{AADB1060-F3C1-4AAC-9894-2B92E6DD612C}.Release|Any CPU.ActiveCfg = Release|iPhone
		{AADB1060-F3C1-4AAC-9894-2B92E6DD612C}.Release|Any CPU.Build.0 = Release|iPhone
		{AADB1060-F3C1-4AAC-9894-2B92E6DD612C}.Release|Any CPU.Deploy.0 = Release|iPhone
		{AADB1060-F3C1-4AAC-9894-2B92E6DD612C}.Release|iPhone.ActiveCfg = Release|iPhone
		{AADB1060-F3C1-4AAC-9894-2B92E6DD612C}.Release|iPhone.Build.0 = Release|iPhone
		{AADB1060-F3C1-4AAC-9894-2B92E6DD612C}.Release|iPhone.Deploy.0 = Release|iPhone
		{AADB1060-F3C1-4AAC-9894-2B92E6DD612C}.Release|iPhoneSimulator.ActiveCfg = Release|iPhoneSimulator
		{AADB1060-F3C1-4AAC-9894-2B92E6DD612C}.Release|iPhoneSimulator.Build.0 = Release|iPhoneSimulator
		{AADB1060-F3C1-4AAC-9894-2B92E6DD612C}.Release|iPhoneSimulator.Deploy.0 = Release|iPhoneSimulator
		{25390B51-36ED-41F6-8C1C-568420204F48}.Ad-Hoc|Any CPU.ActiveCfg = Debug|Any CPU
		{25390B51-36ED-41F6-8C1C-568420204F48}.Ad-Hoc|Any CPU.Build.0 = Debug|Any CPU
		{25390B51-36ED-41F6-8C1C-568420204F48}.Ad-Hoc|Any CPU.Deploy.0 = Debug|Any CPU
		{25390B51-36ED-41F6-8C1C-568420204F48}.Ad-Hoc|iPhone.ActiveCfg = Debug|Any CPU
		{25390B51-36ED-41F6-8C1C-568420204F48}.Ad-Hoc|iPhone.Build.0 = Debug|Any CPU
		{25390B51-36ED-41F6-8C1C-568420204F48}.Ad-Hoc|iPhone.Deploy.0 = Debug|Any CPU
		{25390B51-36ED-41F6-8C1C-568420204F48}.Ad-Hoc|iPhoneSimulator.ActiveCfg = Debug|Any CPU
		{25390B51-36ED-41F6-8C1C-568420204F48}.Ad-Hoc|iPhoneSimulator.Build.0 = Debug|Any CPU
		{25390B51-36ED-41F6-8C1C-568420204F48}.Ad-Hoc|iPhoneSimulator.Deploy.0 = Debug|Any CPU
		{25390B51-36ED-41F6-8C1C-568420204F48}.AppStore|Any CPU.ActiveCfg = Debug|Any CPU
		{25390B51-36ED-41F6-8C1C-568420204F48}.AppStore|Any CPU.Build.0 = Debug|Any CPU
		{25390B51-36ED-41F6-8C1C-568420204F48}.AppStore|Any CPU.Deploy.0 = Debug|Any CPU
		{25390B51-36ED-41F6-8C1C-568420204F48}.AppStore|iPhone.ActiveCfg = Debug|Any CPU
		{25390B51-36ED-41F6-8C1C-568420204F48}.AppStore|iPhone.Build.0 = Debug|Any CPU
		{25390B51-36ED-41F6-8C1C-568420204F48}.AppStore|iPhone.Deploy.0 = Debug|Any CPU
		{25390B51-36ED-41F6-8C1C-568420204F48}.AppStore|iPhoneSimulator.ActiveCfg = Debug|Any CPU
		{25390B51-36ED-41F6-8C1C-568420204F48}.AppStore|iPhoneSimulator.Build.0 = Debug|Any CPU
		{25390B51-36ED-41F6-8C1C-568420204F48}.AppStore|iPhoneSimulator.Deploy.0 = Debug|Any CPU
		{25390B51-36ED-41F6-8C1C-568420204F48}.Debug|Any CPU.ActiveCfg = Debug|Any CPU
		{25390B51-36ED-41F6-8C1C-568420204F48}.Debug|Any CPU.Build.0 = Debug|Any CPU
		{25390B51-36ED-41F6-8C1C-568420204F48}.Debug|Any CPU.Deploy.0 = Debug|Any CPU
		{25390B51-36ED-41F6-8C1C-568420204F48}.Debug|iPhone.ActiveCfg = Debug|Any CPU
		{25390B51-36ED-41F6-8C1C-568420204F48}.Debug|iPhone.Build.0 = Debug|Any CPU
		{25390B51-36ED-41F6-8C1C-568420204F48}.Debug|iPhone.Deploy.0 = Debug|Any CPU
		{25390B51-36ED-41F6-8C1C-568420204F48}.Debug|iPhoneSimulator.ActiveCfg = Debug|Any CPU
		{25390B51-36ED-41F6-8C1C-568420204F48}.Debug|iPhoneSimulator.Build.0 = Debug|Any CPU
		{25390B51-36ED-41F6-8C1C-568420204F48}.Debug|iPhoneSimulator.Deploy.0 = Debug|Any CPU
		{25390B51-36ED-41F6-8C1C-568420204F48}.Release|Any CPU.ActiveCfg = Release|Any CPU
		{25390B51-36ED-41F6-8C1C-568420204F48}.Release|Any CPU.Build.0 = Release|Any CPU
		{25390B51-36ED-41F6-8C1C-568420204F48}.Release|Any CPU.Deploy.0 = Release|Any CPU
		{25390B51-36ED-41F6-8C1C-568420204F48}.Release|iPhone.ActiveCfg = Release|Any CPU
		{25390B51-36ED-41F6-8C1C-568420204F48}.Release|iPhone.Build.0 = Release|Any CPU
		{25390B51-36ED-41F6-8C1C-568420204F48}.Release|iPhone.Deploy.0 = Release|Any CPU
		{25390B51-36ED-41F6-8C1C-568420204F48}.Release|iPhoneSimulator.ActiveCfg = Release|Any CPU
		{25390B51-36ED-41F6-8C1C-568420204F48}.Release|iPhoneSimulator.Build.0 = Release|Any CPU
		{25390B51-36ED-41F6-8C1C-568420204F48}.Release|iPhoneSimulator.Deploy.0 = Release|Any CPU
	EndGlobalSection
	GlobalSection(SolutionProperties) = preSolution
		HideSolutionNode = FALSE
	EndGlobalSection
	GlobalSection(ExtensibilityGlobals) = postSolution
		SolutionGuid = {09FA66A4-13A1-401D-8A19-D1D224B6295B}
	EndGlobalSection
EndGlobal
